
Microsoft Visual Studio Solution File, Format Version 12.00
# Visual Studio 15
VisualStudioVersion = 15.0.26228.9
MinimumVisualStudioVersion = 10.0.40219.1
Project("{9A19103F-16F7-4668-BE54-9A1E7A4F7556}") = "Host", "Host\Host.csproj", "{9FE2B544-D877-49E8-AA76-C504E7B1DC04}"
EndProject
Project("{FAE04EC0-301F-11D3-BF4B-00C04F79EFBC}") = "RepositoryUtils", "Utils\RepositoryUtils\RepositoryUtils.csproj", "{9C9A2D7A-6316-4641-9DA5-38C843057B56}"
EndProject
Project("{2150E333-8FDC-42A3-9474-1A3956D46DE8}") = "Utils", "Utils", "{83BFEB99-10ED-4A74-907A-00D8E0BF3ED6}"
EndProject
Project("{9A19103F-16F7-4668-BE54-9A1E7A4F7556}") = "CommonUtils", "Utils\CommonUtils\CommonUtils.csproj", "{97AA6FAE-CD36-422E-A633-C718C5C9F2B9}"
EndProject
Global
	GlobalSection(SolutionConfigurationPlatforms) = preSolution
		Debug|Any CPU = Debug|Any CPU
		Release|Any CPU = Release|Any CPU
	EndGlobalSection
	GlobalSection(ProjectConfigurationPlatforms) = postSolution
		{9FE2B544-D877-49E8-AA76-C504E7B1DC04}.Debug|Any CPU.ActiveCfg = Debug|Any CPU
		{9FE2B544-D877-49E8-AA76-C504E7B1DC04}.Debug|Any CPU.Build.0 = Debug|Any CPU
		{9FE2B544-D877-49E8-AA76-C504E7B1DC04}.Release|Any CPU.ActiveCfg = Release|Any CPU
		{9FE2B544-D877-49E8-AA76-C504E7B1DC04}.Release|Any CPU.Build.0 = Release|Any CPU
		{9C9A2D7A-6316-4641-9DA5-38C843057B56}.Debug|Any CPU.ActiveCfg = Debug|Any CPU
		{9C9A2D7A-6316-4641-9DA5-38C843057B56}.Debug|Any CPU.Build.0 = Debug|Any CPU
		{9C9A2D7A-6316-4641-9DA5-38C843057B56}.Release|Any CPU.ActiveCfg = Release|Any CPU
		{9C9A2D7A-6316-4641-9DA5-38C843057B56}.Release|Any CPU.Build.0 = Release|Any CPU
		{97AA6FAE-CD36-422E-A633-C718C5C9F2B9}.Debug|Any CPU.ActiveCfg = Debug|Any CPU
		{97AA6FAE-CD36-422E-A633-C718C5C9F2B9}.Debug|Any CPU.Build.0 = Debug|Any CPU
		{97AA6FAE-CD36-422E-A633-C718C5C9F2B9}.Release|Any CPU.ActiveCfg = Release|Any CPU
		{97AA6FAE-CD36-422E-A633-C718C5C9F2B9}.Release|Any CPU.Build.0 = Release|Any CPU
	EndGlobalSection
	GlobalSection(SolutionProperties) = preSolution
		HideSolutionNode = FALSE
	EndGlobalSection
	GlobalSection(NestedProjects) = preSolution
		{9C9A2D7A-6316-4641-9DA5-38C843057B56} = {83BFEB99-10ED-4A74-907A-00D8E0BF3ED6}
		{97AA6FAE-CD36-422E-A633-C718C5C9F2B9} = {83BFEB99-10ED-4A74-907A-00D8E0BF3ED6}
	EndGlobalSection
EndGlobal
